
Microsoft Visual Studio Solution File, Format Version 12.00
# Visual Studio Version 16
VisualStudioVersion = 16.0.29020.237
MinimumVisualStudioVersion = 10.0.40219.1
Project("{FAE04EC0-301F-11D3-BF4B-00C04F79EFBC}") = "QuotesApi", "QuotesApi\QuotesApi.csproj", "{0DBDDD4D-1142-4100-A3ED-CCBA3DCEAF92}"
EndProject
Global
	GlobalSection(SolutionConfigurationPlatforms) = preSolution
		Debug|Any CPU = Debug|Any CPU
		Release|Any CPU = Release|Any CPU
	EndGlobalSection
	GlobalSection(ProjectConfigurationPlatforms) = postSolution
		{0DBDDD4D-1142-4100-A3ED-CCBA3DCEAF92}.Debug|Any CPU.ActiveCfg = Debug|Any CPU
		{0DBDDD4D-1142-4100-A3ED-CCBA3DCEAF92}.Debug|Any CPU.Build.0 = Debug|Any CPU
		{0DBDDD4D-1142-4100-A3ED-CCBA3DCEAF92}.Release|Any CPU.ActiveCfg = Release|Any CPU
		{0DBDDD4D-1142-4100-A3ED-CCBA3DCEAF92}.Release|Any CPU.Build.0 = Release|Any CPU
	EndGlobalSection
	GlobalSection(SolutionProperties) = preSolution
		HideSolutionNode = FALSE
	EndGlobalSection
	GlobalSection(ExtensibilityGlobals) = postSolution
		SolutionGuid = {1879FDB5-7C81-4709-A984-3B60D33044E1}
	EndGlobalSection
EndGlobal
